
Microsoft Visual Studio Solution File, Format Version 12.00
# Visual Studio Version 17
VisualStudioVersion = 17.8.34525.116
MinimumVisualStudioVersion = 10.0.40219.1
Project("{9A19103F-16F7-4668-BE54-9A1E7A4F7556}") = "BlazorApp", "BlazorApp\BlazorApp.csproj", "{7A7B45F1-3ECE-4ACE-9A0E-8C08F3DB9FCB}"
EndProject
Project("{9A19103F-16F7-4668-BE54-9A1E7A4F7556}") = "DataAcessLibrary", "DataAcessLibrary\DataAcessLibrary.csproj", "{6348C3C4-80BB-4842-B204-9BD4E43DFD69}"
EndProject
Global
	GlobalSection(SolutionConfigurationPlatforms) = preSolution
		Debug|Any CPU = Debug|Any CPU
		Release|Any CPU = Release|Any CPU
	EndGlobalSection
	GlobalSection(ProjectConfigurationPlatforms) = postSolution
		{7A7B45F1-3ECE-4ACE-9A0E-8C08F3DB9FCB}.Debug|Any CPU.ActiveCfg = Debug|Any CPU
		{7A7B45F1-3ECE-4ACE-9A0E-8C08F3DB9FCB}.Debug|Any CPU.Build.0 = Debug|Any CPU
		{7A7B45F1-3ECE-4ACE-9A0E-8C08F3DB9FCB}.Release|Any CPU.ActiveCfg = Release|Any CPU
		{7A7B45F1-3ECE-4ACE-9A0E-8C08F3DB9FCB}.Release|Any CPU.Build.0 = Release|Any CPU
		{6348C3C4-80BB-4842-B204-9BD4E43DFD69}.Debug|Any CPU.ActiveCfg = Debug|Any CPU
		{6348C3C4-80BB-4842-B204-9BD4E43DFD69}.Debug|Any CPU.Build.0 = Debug|Any CPU
		{6348C3C4-80BB-4842-B204-9BD4E43DFD69}.Release|Any CPU.ActiveCfg = Release|Any CPU
		{6348C3C4-80BB-4842-B204-9BD4E43DFD69}.Release|Any CPU.Build.0 = Release|Any CPU
	EndGlobalSection
	GlobalSection(SolutionProperties) = preSolution
		HideSolutionNode = FALSE
	EndGlobalSection
	GlobalSection(ExtensibilityGlobals) = postSolution
		SolutionGuid = {64777835-5B1F-45C7-94EA-D1D728192E5B}
	EndGlobalSection
EndGlobal
